// !$*UTF8*$!
{
	archiveVersion = 1;
	classes = {
	};
	objectVersion = 90;
	objects = {

/* Begin PBXBuildFile section */
		840283342CA0756200EF5CA2 /* ME_ContentViewEntrySection.swift in Sources */ = {isa = PBXBuildFile; fileRef = 840283332CA0756200EF5CA2 /* ME_ContentViewEntrySection.swift */; };
		841E86E12AAB222800B03F37 /* AddDB_CompactMode.swift in Sources */ = {isa = PBXBuildFile; fileRef = 841E86E02AAB222800B03F37 /* AddDB_CompactMode.swift */; };
		842EAC6B29D832670014C8F8 /* Protecto_PassApp.swift in Sources */ = {isa = PBXBuildFile; fileRef = 842EAC6A29D832670014C8F8 /* Protecto_PassApp.swift */; };
		842EAC6D29D832670014C8F8 /* Welcome.swift in Sources */ = {isa = PBXBuildFile; fileRef = 842EAC6C29D832670014C8F8 /* Welcome.swift */; };
		842EAC6F29D832680014C8F8 /* Assets.xcassets in Resources */ = {isa = PBXBuildFile; fileRef = 842EAC6E29D832680014C8F8 /* Assets.xcassets */; };
		842EAC7229D832680014C8F8 /* Preview Assets.xcassets in Resources */ = {isa = PBXBuildFile; fileRef = 842EAC7129D832680014C8F8 /* Preview Assets.xcassets */; };
		842EAC8229D832680014C8F8 /* Protecto_PassTests.swift in Sources */ = {isa = PBXBuildFile; fileRef = 842EAC8129D832680014C8F8 /* Protecto_PassTests.swift */; };
		842EAC8C29D832680014C8F8 /* Protecto_PassUITests.swift in Sources */ = {isa = PBXBuildFile; fileRef = 842EAC8B29D832680014C8F8 /* Protecto_PassUITests.swift */; };
		842EAC8E29D832680014C8F8 /* Protecto_PassUITestsLaunchTests.swift in Sources */ = {isa = PBXBuildFile; fileRef = 842EAC8D29D832680014C8F8 /* Protecto_PassUITestsLaunchTests.swift */; };
		843312242AA59FC700ADA474 /* IconChooser.swift in Sources */ = {isa = PBXBuildFile; fileRef = 843312232AA59FC700ADA474 /* IconChooser.swift */; };
		843390672C99A7E800ED4349 /* CoreDataManager.swift in Sources */ = {isa = PBXBuildFile; fileRef = 843390592C99A7E800ED4349 /* CoreDataManager.swift */; };
		843390682C99A7E800ED4349 /* Database.swift in Sources */ = {isa = PBXBuildFile; fileRef = 843390492C99A7E800ED4349 /* Database.swift */; };
		843390692C99A7E800ED4349 /* DataConverter.swift in Sources */ = {isa = PBXBuildFile; fileRef = 843390442C99A7E800ED4349 /* DataConverter.swift */; };
		8433906A2C99A7E800ED4349 /* DatabaseDoesNotExistError.swift in Sources */ = {isa = PBXBuildFile; fileRef = 8433905A2C99A7E800ED4349 /* DatabaseDoesNotExistError.swift */; };
		8433906B2C99A7E800ED4349 /* Folder.swift in Sources */ = {isa = PBXBuildFile; fileRef = 843390502C99A7E800ED4349 /* Folder.swift */; };
		8433906C2C99A7E800ED4349 /* Persistence.swift in Sources */ = {isa = PBXBuildFile; fileRef = 8433905D2C99A7E800ED4349 /* Persistence.swift */; };
		8433906D2C99A7E800ED4349 /* DB_Converter.swift in Sources */ = {isa = PBXBuildFile; fileRef = 843390452C99A7E800ED4349 /* DB_Converter.swift */; };
		8433906E2C99A7E800ED4349 /* FileImportHandler.swift in Sources */ = {isa = PBXBuildFile; fileRef = 843390462C99A7E800ED4349 /* FileImportHandler.swift */; };
		8433906F2C99A7E800ED4349 /* Encrypter.swift in Sources */ = {isa = PBXBuildFile; fileRef = 8433903B2C99A7E800ED4349 /* Encrypter.swift */; };
		843390702C99A7E800ED4349 /* NativeType.swift in Sources */ = {isa = PBXBuildFile; fileRef = 843390532C99A7E800ED4349 /* NativeType.swift */; };
		843390712C99A7E800ED4349 /* LoadableResource.swift in Sources */ = {isa = PBXBuildFile; fileRef = 843390512C99A7E800ED4349 /* LoadableResource.swift */; };
		843390722C99A7E800ED4349 /* Cryptography.swift in Sources */ = {isa = PBXBuildFile; fileRef = 843390392C99A7E800ED4349 /* Cryptography.swift */; };
		843390732C99A7E800ED4349 /* PasswordField.swift in Sources */ = {isa = PBXBuildFile; fileRef = 843390622C99A7E800ED4349 /* PasswordField.swift */; };
		843390742C99A7E800ED4349 /* DatabaseContentCounter.swift in Sources */ = {isa = PBXBuildFile; fileRef = 843390432C99A7E800ED4349 /* DatabaseContentCounter.swift */; };
		843390752C99A7E800ED4349 /* PhotoPickerHandler.swift in Sources */ = {isa = PBXBuildFile; fileRef = 843390472C99A7E800ED4349 /* PhotoPickerHandler.swift */; };
		843390762C99A7E800ED4349 /* DB_CreationWrapper.swift in Sources */ = {isa = PBXBuildFile; fileRef = 843390552C99A7E800ED4349 /* DB_CreationWrapper.swift */; };
		843390772C99A7E800ED4349 /* DB_Video.swift in Sources */ = {isa = PBXBuildFile; fileRef = 8433904E2C99A7E800ED4349 /* DB_Video.swift */; };
		843390782C99A7E800ED4349 /* DatabaseContent.swift in Sources */ = {isa = PBXBuildFile; fileRef = 8433904A2C99A7E800ED4349 /* DatabaseContent.swift */; };
		843390792C99A7E800ED4349 /* FileImporterErrors.swift in Sources */ = {isa = PBXBuildFile; fileRef = 8433903E2C99A7E800ED4349 /* FileImporterErrors.swift */; };
		8433907A2C99A7E800ED4349 /* PasswordGenerator.swift in Sources */ = {isa = PBXBuildFile; fileRef = 8433903C2C99A7E800ED4349 /* PasswordGenerator.swift */; };
		8433907B2C99A7E800ED4349 /* DB_Document.swift in Sources */ = {isa = PBXBuildFile; fileRef = 8433904B2C99A7E800ED4349 /* DB_Document.swift */; };
		8433907C2C99A7E800ED4349 /* DB_Image.swift in Sources */ = {isa = PBXBuildFile; fileRef = 8433904D2C99A7E800ED4349 /* DB_Image.swift */; };
		8433907D2C99A7E800ED4349 /* ME_DataStructure.swift in Sources */ = {isa = PBXBuildFile; fileRef = 843390522C99A7E800ED4349 /* ME_DataStructure.swift */; };
		8433907E2C99A7E800ED4349 /* DatabaseFileManager.swift in Sources */ = {isa = PBXBuildFile; fileRef = 8433905B2C99A7E800ED4349 /* DatabaseFileManager.swift */; };
		8433907F2C99A7E800ED4349 /* DB_Header.swift in Sources */ = {isa = PBXBuildFile; fileRef = 8433904C2C99A7E800ED4349 /* DB_Header.swift */; };
		843390802C99A7E800ED4349 /* Decrypter.swift in Sources */ = {isa = PBXBuildFile; fileRef = 8433903A2C99A7E800ED4349 /* Decrypter.swift */; };
		843390812C99A7E800ED4349 /* Entry.swift in Sources */ = {isa = PBXBuildFile; fileRef = 8433904F2C99A7E800ED4349 /* Entry.swift */; };
		843390822C99A7E800ED4349 /* Protecto_Pass.xcdatamodeld in Sources */ = {isa = PBXBuildFile; fileRef = 843390572C99A7E800ED4349 /* Protecto_Pass.xcdatamodeld */; };
		843390832C99A7E800ED4349 /* Storage.swift in Sources */ = {isa = PBXBuildFile; fileRef = 8433905F2C99A7E800ED4349 /* Storage.swift */; };
		843390842C99A7E800ED4349 /* PhotoPickerErrors.swift in Sources */ = {isa = PBXBuildFile; fileRef = 843390402C99A7E800ED4349 /* PhotoPickerErrors.swift */; };
		843390852C99A7E800ED4349 /* NonexistendPathError.swift in Sources */ = {isa = PBXBuildFile; fileRef = 8433905C2C99A7E800ED4349 /* NonexistendPathError.swift */; };
		843390862C99A7E800ED4349 /* ListTile.swift in Sources */ = {isa = PBXBuildFile; fileRef = 843390612C99A7E800ED4349 /* ListTile.swift */; };
		843390872C99A7E800ED4349 /* SandboxManager.swift in Sources */ = {isa = PBXBuildFile; fileRef = 8433905E2C99A7E800ED4349 /* SandboxManager.swift */; };
		84627AC12AA9CA2000415827 /* Settings.swift in Sources */ = {isa = PBXBuildFile; fileRef = 84627AC02AA9CA2000415827 /* Settings.swift */; };
		846302332AA99F7600C051E3 /* Settings.bundle in Resources */ = {isa = PBXBuildFile; fileRef = 846302322AA99F7600C051E3 /* Settings.bundle */; };
		8467EBB82B5FDFEC003E6479 /* ImageListDetails.swift in Sources */ = {isa = PBXBuildFile; fileRef = 8467EBB72B5FDFEC003E6479 /* ImageListDetails.swift */; };
		846BF86A2C7DE53500678388 /* ImageInfo.swift in Sources */ = {isa = PBXBuildFile; fileRef = 846BF8692C7DE53500678388 /* ImageInfo.swift */; };
		848480B429EFF09D008EA77C /* AddDB.swift in Sources */ = {isa = PBXBuildFile; fileRef = 848480B329EFF09D008EA77C /* AddDB.swift */; };
		84889ECF2C8CDA2F0066F7CB /* DocumentDetails.swift in Sources */ = {isa = PBXBuildFile; fileRef = 84889ECE2C8CDA2F0066F7CB /* DocumentDetails.swift */; };
		84889ED22C8DB84E0066F7CB /* DocumentInfo.swift in Sources */ = {isa = PBXBuildFile; fileRef = 84889ED12C8DB84E0066F7CB /* DocumentInfo.swift */; };
		848AC7C52EF5A5AB000542C2 /* Protecto Pass.icon in Resources */ = {isa = PBXBuildFile; fileRef = 848AC7C42EF5A5AB000542C2 /* Protecto Pass.icon */; };
		848DE6842AA742CA00AE99EE /* ImageDetails.swift in Sources */ = {isa = PBXBuildFile; fileRef = 848DE6832AA742CA00AE99EE /* ImageDetails.swift */; };
		848EFE052CA3334D006EA4DD /* ME_ContentViewFolderSection.swift in Sources */ = {isa = PBXBuildFile; fileRef = 848EFE042CA3334D006EA4DD /* ME_ContentViewFolderSection.swift */; };
		848EFE072CA336E9006EA4DD /* ME_ContentViewImageSection.swift in Sources */ = {isa = PBXBuildFile; fileRef = 848EFE062CA336E9006EA4DD /* ME_ContentViewImageSection.swift */; };
		848EFE092CA33A1F006EA4DD /* ME_ContentViewDocumentSection.swift in Sources */ = {isa = PBXBuildFile; fileRef = 848EFE082CA33A1F006EA4DD /* ME_ContentViewDocumentSection.swift */; };
		84922B392A21F11300CE7945 /* SetUpView.swift in Sources */ = {isa = PBXBuildFile; fileRef = 84922B382A21F11300CE7945 /* SetUpView.swift */; };
		84922B3B2A21F15600CE7945 /* Home.swift in Sources */ = {isa = PBXBuildFile; fileRef = 84922B3A2A21F15600CE7945 /* Home.swift */; };
		8497DF7E2B5BF347003979F9 /* ImageLoadingError.swift in Sources */ = {isa = PBXBuildFile; fileRef = 8497DF7D2B5BF347003979F9 /* ImageLoadingError.swift */; };
		84ACC7A42A6AB8130033E83A /* AddDB_Navigation.swift in Sources */ = {isa = PBXBuildFile; fileRef = 84ACC7A32A6AB8130033E83A /* AddDB_Navigation.swift */; };
		84DB4F8E2A739D6C00C2DD0E /* EntryDetails.swift in Sources */ = {isa = PBXBuildFile; fileRef = 84DB4F8D2A739D6C00C2DD0E /* EntryDetails.swift */; };
		84DB4F902A739D9100C2DD0E /* Me_Details.swift in Sources */ = {isa = PBXBuildFile; fileRef = 84DB4F8F2A739D9100C2DD0E /* Me_Details.swift */; };
		84DB4F942A73C60E00C2DD0E /* EditEntry.swift in Sources */ = {isa = PBXBuildFile; fileRef = 84DB4F932A73C60E00C2DD0E /* EditEntry.swift */; };
		84DB4F962A73C61300C2DD0E /* EditFolder.swift in Sources */ = {isa = PBXBuildFile; fileRef = 84DB4F952A73C61300C2DD0E /* EditFolder.swift */; };
		84DB4F9A2A766BEF00C2DD0E /* HomeSelector.swift in Sources */ = {isa = PBXBuildFile; fileRef = 84DB4F992A766BEF00C2DD0E /* HomeSelector.swift */; };
		84E4C5172A263FB8005D793F /* AddDB_Password.swift in Sources */ = {isa = PBXBuildFile; fileRef = 84E4C5162A263FB8005D793F /* AddDB_Password.swift */; };
		84E4C51B2A276107005D793F /* AddDB_Overview.swift in Sources */ = {isa = PBXBuildFile; fileRef = 84E4C51A2A276107005D793F /* AddDB_Overview.swift */; };
		84EDFCFD2A94995B00A50A96 /* ME_ContentView.swift in Sources */ = {isa = PBXBuildFile; fileRef = 84EDFCFC2A94995B00A50A96 /* ME_ContentView.swift */; };
		84F4209B29EEA22A000D7600 /* UnlockDB.swift in Sources */ = {isa = PBXBuildFile; fileRef = 84F4209A29EEA22A000D7600 /* UnlockDB.swift */; };
		84F6ABF82AE7DA2A00D0B633 /* AppData.swift in Sources */ = {isa = PBXBuildFile; fileRef = 84F6ABF72AE7DA2A00D0B633 /* AppData.swift */; };
/* End PBXBuildFile section */

/* Begin PBXContainerItemProxy section */
		842EAC7E29D832680014C8F8 /* PBXContainerItemProxy */ = {
			isa = PBXContainerItemProxy;
			containerPortal = 842EAC5F29D832670014C8F8 /* Project object */;
			proxyType = 1;
			remoteGlobalIDString = 842EAC6629D832670014C8F8;
			remoteInfo = "Protecto Pass";
		};
		842EAC8829D832680014C8F8 /* PBXContainerItemProxy */ = {
			isa = PBXContainerItemProxy;
			containerPortal = 842EAC5F29D832670014C8F8 /* Project object */;
			proxyType = 1;
			remoteGlobalIDString = 842EAC6629D832670014C8F8;
			remoteInfo = "Protecto Pass";
		};
/* End PBXContainerItemProxy section */

/* Begin PBXFileReference section */
		840283332CA0756200EF5CA2 /* ME_ContentViewEntrySection.swift */ = {isa = PBXFileReference; lastKnownFileType = sourcecode.swift; path = ME_ContentViewEntrySection.swift; sourceTree = "<group>"; };
		841E86E02AAB222800B03F37 /* AddDB_CompactMode.swift */ = {isa = PBXFileReference; lastKnownFileType = sourcecode.swift; path = AddDB_CompactMode.swift; sourceTree = "<group>"; };
		842EAC6729D832670014C8F8 /* Protecto Pass.app */ = {isa = PBXFileReference; explicitFileType = wrapper.application; includeInIndex = 0; path = "Protecto Pass.app"; sourceTree = BUILT_PRODUCTS_DIR; };
		842EAC6A29D832670014C8F8 /* Protecto_PassApp.swift */ = {isa = PBXFileReference; lastKnownFileType = sourcecode.swift; path = Protecto_PassApp.swift; sourceTree = "<group>"; };
		842EAC6C29D832670014C8F8 /* Welcome.swift */ = {isa = PBXFileReference; lastKnownFileType = sourcecode.swift; path = Welcome.swift; sourceTree = "<group>"; };
		842EAC6E29D832680014C8F8 /* Assets.xcassets */ = {isa = PBXFileReference; lastKnownFileType = folder.assetcatalog; path = Assets.xcassets; sourceTree = "<group>"; };
		842EAC7129D832680014C8F8 /* Preview Assets.xcassets */ = {isa = PBXFileReference; lastKnownFileType = folder.assetcatalog; path = "Preview Assets.xcassets"; sourceTree = "<group>"; };
		842EAC7829D832680014C8F8 /* Info.plist */ = {isa = PBXFileReference; lastKnownFileType = text.plist.xml; path = Info.plist; sourceTree = "<group>"; };
		842EAC7D29D832680014C8F8 /* Protecto PassTests.xctest */ = {isa = PBXFileReference; explicitFileType = wrapper.cfbundle; includeInIndex = 0; path = "Protecto PassTests.xctest"; sourceTree = BUILT_PRODUCTS_DIR; };
		842EAC8129D832680014C8F8 /* Protecto_PassTests.swift */ = {isa = PBXFileReference; lastKnownFileType = sourcecode.swift; path = Protecto_PassTests.swift; sourceTree = "<group>"; };
		842EAC8729D832680014C8F8 /* Protecto PassUITests.xctest */ = {isa = PBXFileReference; explicitFileType = wrapper.cfbundle; includeInIndex = 0; path = "Protecto PassUITests.xctest"; sourceTree = BUILT_PRODUCTS_DIR; };
		842EAC8B29D832680014C8F8 /* Protecto_PassUITests.swift */ = {isa = PBXFileReference; lastKnownFileType = sourcecode.swift; path = Protecto_PassUITests.swift; sourceTree = "<group>"; };
		842EAC8D29D832680014C8F8 /* Protecto_PassUITestsLaunchTests.swift */ = {isa = PBXFileReference; lastKnownFileType = sourcecode.swift; path = Protecto_PassUITestsLaunchTests.swift; sourceTree = "<group>"; };
		843312232AA59FC700ADA474 /* IconChooser.swift */ = {isa = PBXFileReference; lastKnownFileType = sourcecode.swift; path = IconChooser.swift; sourceTree = "<group>"; };
		843390392C99A7E800ED4349 /* Cryptography.swift */ = {isa = PBXFileReference; lastKnownFileType = sourcecode.swift; path = Cryptography.swift; sourceTree = "<group>"; };
		8433903A2C99A7E800ED4349 /* Decrypter.swift */ = {isa = PBXFileReference; lastKnownFileType = sourcecode.swift; path = Decrypter.swift; sourceTree = "<group>"; };
		8433903B2C99A7E800ED4349 /* Encrypter.swift */ = {isa = PBXFileReference; lastKnownFileType = sourcecode.swift; path = Encrypter.swift; sourceTree = "<group>"; };
		8433903C2C99A7E800ED4349 /* PasswordGenerator.swift */ = {isa = PBXFileReference; lastKnownFileType = sourcecode.swift; path = PasswordGenerator.swift; sourceTree = "<group>"; };
		8433903E2C99A7E800ED4349 /* FileImporterErrors.swift */ = {isa = PBXFileReference; lastKnownFileType = sourcecode.swift; path = FileImporterErrors.swift; sourceTree = "<group>"; };
		843390402C99A7E800ED4349 /* PhotoPickerErrors.swift */ = {isa = PBXFileReference; lastKnownFileType = sourcecode.swift; path = PhotoPickerErrors.swift; sourceTree = "<group>"; };
		843390432C99A7E800ED4349 /* DatabaseContentCounter.swift */ = {isa = PBXFileReference; lastKnownFileType = sourcecode.swift; path = DatabaseContentCounter.swift; sourceTree = "<group>"; };
		843390442C99A7E800ED4349 /* DataConverter.swift */ = {isa = PBXFileReference; lastKnownFileType = sourcecode.swift; path = DataConverter.swift; sourceTree = "<group>"; };
		843390452C99A7E800ED4349 /* DB_Converter.swift */ = {isa = PBXFileReference; lastKnownFileType = sourcecode.swift; path = DB_Converter.swift; sourceTree = "<group>"; };
		843390462C99A7E800ED4349 /* FileImportHandler.swift */ = {isa = PBXFileReference; lastKnownFileType = sourcecode.swift; path = FileImportHandler.swift; sourceTree = "<group>"; };
		843390472C99A7E800ED4349 /* PhotoPickerHandler.swift */ = {isa = PBXFileReference; lastKnownFileType = sourcecode.swift; path = PhotoPickerHandler.swift; sourceTree = "<group>"; };
		843390492C99A7E800ED4349 /* Database.swift */ = {isa = PBXFileReference; lastKnownFileType = sourcecode.swift; path = Database.swift; sourceTree = "<group>"; };
		8433904A2C99A7E800ED4349 /* DatabaseContent.swift */ = {isa = PBXFileReference; lastKnownFileType = sourcecode.swift; path = DatabaseContent.swift; sourceTree = "<group>"; };
		8433904B2C99A7E800ED4349 /* DB_Document.swift */ = {isa = PBXFileReference; lastKnownFileType = sourcecode.swift; path = DB_Document.swift; sourceTree = "<group>"; };
		8433904C2C99A7E800ED4349 /* DB_Header.swift */ = {isa = PBXFileReference; lastKnownFileType = sourcecode.swift; path = DB_Header.swift; sourceTree = "<group>"; };
		8433904D2C99A7E800ED4349 /* DB_Image.swift */ = {isa = PBXFileReference; lastKnownFileType = sourcecode.swift; path = DB_Image.swift; sourceTree = "<group>"; };
		8433904E2C99A7E800ED4349 /* DB_Video.swift */ = {isa = PBXFileReference; lastKnownFileType = sourcecode.swift; path = DB_Video.swift; sourceTree = "<group>"; };
		8433904F2C99A7E800ED4349 /* Entry.swift */ = {isa = PBXFileReference; lastKnownFileType = sourcecode.swift; path = Entry.swift; sourceTree = "<group>"; };
		843390502C99A7E800ED4349 /* Folder.swift */ = {isa = PBXFileReference; lastKnownFileType = sourcecode.swift; path = Folder.swift; sourceTree = "<group>"; };
		843390512C99A7E800ED4349 /* LoadableResource.swift */ = {isa = PBXFileReference; lastKnownFileType = sourcecode.swift; path = LoadableResource.swift; sourceTree = "<group>"; };
		843390522C99A7E800ED4349 /* ME_DataStructure.swift */ = {isa = PBXFileReference; lastKnownFileType = sourcecode.swift; path = ME_DataStructure.swift; sourceTree = "<group>"; };
		843390532C99A7E800ED4349 /* NativeType.swift */ = {isa = PBXFileReference; lastKnownFileType = sourcecode.swift; path = NativeType.swift; sourceTree = "<group>"; };
		843390552C99A7E800ED4349 /* DB_CreationWrapper.swift */ = {isa = PBXFileReference; lastKnownFileType = sourcecode.swift; path = DB_CreationWrapper.swift; sourceTree = "<group>"; };
		843390592C99A7E800ED4349 /* CoreDataManager.swift */ = {isa = PBXFileReference; lastKnownFileType = sourcecode.swift; path = CoreDataManager.swift; sourceTree = "<group>"; };
		8433905A2C99A7E800ED4349 /* DatabaseDoesNotExistError.swift */ = {isa = PBXFileReference; lastKnownFileType = sourcecode.swift; path = DatabaseDoesNotExistError.swift; sourceTree = "<group>"; };
		8433905B2C99A7E800ED4349 /* DatabaseFileManager.swift */ = {isa = PBXFileReference; lastKnownFileType = sourcecode.swift; path = DatabaseFileManager.swift; sourceTree = "<group>"; };
		8433905C2C99A7E800ED4349 /* NonexistendPathError.swift */ = {isa = PBXFileReference; lastKnownFileType = sourcecode.swift; path = NonexistendPathError.swift; sourceTree = "<group>"; };
		8433905D2C99A7E800ED4349 /* Persistence.swift */ = {isa = PBXFileReference; lastKnownFileType = sourcecode.swift; path = Persistence.swift; sourceTree = "<group>"; };
		8433905E2C99A7E800ED4349 /* SandboxManager.swift */ = {isa = PBXFileReference; lastKnownFileType = sourcecode.swift; path = SandboxManager.swift; sourceTree = "<group>"; };
		8433905F2C99A7E800ED4349 /* Storage.swift */ = {isa = PBXFileReference; lastKnownFileType = sourcecode.swift; path = Storage.swift; sourceTree = "<group>"; };
		843390612C99A7E800ED4349 /* ListTile.swift */ = {isa = PBXFileReference; lastKnownFileType = sourcecode.swift; path = ListTile.swift; sourceTree = "<group>"; };
		843390622C99A7E800ED4349 /* PasswordField.swift */ = {isa = PBXFileReference; lastKnownFileType = sourcecode.swift; path = PasswordField.swift; sourceTree = "<group>"; };
		843390662C99A7E800ED4349 /* Protecto_Pass.xcdatamodel */ = {isa = PBXFileReference; lastKnownFileType = wrapper.xcdatamodel; path = Protecto_Pass.xcdatamodel; sourceTree = "<group>"; };
		84627ABE2AA9AA2B00415827 /* Protecto-Pass-Info.plist */ = {isa = PBXFileReference; lastKnownFileType = text.plist.xml; path = "Protecto-Pass-Info.plist"; sourceTree = "<group>"; };
		84627AC02AA9CA2000415827 /* Settings.swift */ = {isa = PBXFileReference; lastKnownFileType = sourcecode.swift; path = Settings.swift; sourceTree = "<group>"; };
		846302322AA99F7600C051E3 /* Settings.bundle */ = {isa = PBXFileReference; lastKnownFileType = "wrapper.plug-in"; path = Settings.bundle; sourceTree = "<group>"; };
		8467EBB72B5FDFEC003E6479 /* ImageListDetails.swift */ = {isa = PBXFileReference; lastKnownFileType = sourcecode.swift; path = ImageListDetails.swift; sourceTree = "<group>"; };
		846BF8692C7DE53500678388 /* ImageInfo.swift */ = {isa = PBXFileReference; lastKnownFileType = sourcecode.swift; path = ImageInfo.swift; sourceTree = "<group>"; };
		848480B329EFF09D008EA77C /* AddDB.swift */ = {isa = PBXFileReference; lastKnownFileType = sourcecode.swift; path = AddDB.swift; sourceTree = "<group>"; };
		84889ECE2C8CDA2F0066F7CB /* DocumentDetails.swift */ = {isa = PBXFileReference; lastKnownFileType = sourcecode.swift; path = DocumentDetails.swift; sourceTree = "<group>"; };
		84889ED12C8DB84E0066F7CB /* DocumentInfo.swift */ = {isa = PBXFileReference; lastKnownFileType = sourcecode.swift; path = DocumentInfo.swift; sourceTree = "<group>"; };
		848AC7C42EF5A5AB000542C2 /* Protecto Pass.icon */ = {isa = PBXFileReference; lastKnownFileType = folder.iconcomposer.icon; path = "Protecto Pass.icon"; sourceTree = "<group>"; };
		848DE6832AA742CA00AE99EE /* ImageDetails.swift */ = {isa = PBXFileReference; lastKnownFileType = sourcecode.swift; path = ImageDetails.swift; sourceTree = "<group>"; };
		848EFE042CA3334D006EA4DD /* ME_ContentViewFolderSection.swift */ = {isa = PBXFileReference; lastKnownFileType = sourcecode.swift; path = ME_ContentViewFolderSection.swift; sourceTree = "<group>"; };
		848EFE062CA336E9006EA4DD /* ME_ContentViewImageSection.swift */ = {isa = PBXFileReference; lastKnownFileType = sourcecode.swift; path = ME_ContentViewImageSection.swift; sourceTree = "<group>"; };
		848EFE082CA33A1F006EA4DD /* ME_ContentViewDocumentSection.swift */ = {isa = PBXFileReference; lastKnownFileType = sourcecode.swift; path = ME_ContentViewDocumentSection.swift; sourceTree = "<group>"; };
		84922B382A21F11300CE7945 /* SetUpView.swift */ = {isa = PBXFileReference; lastKnownFileType = sourcecode.swift; path = SetUpView.swift; sourceTree = "<group>"; };
		84922B3A2A21F15600CE7945 /* Home.swift */ = {isa = PBXFileReference; lastKnownFileType = sourcecode.swift; path = Home.swift; sourceTree = "<group>"; };
		8497DF7D2B5BF347003979F9 /* ImageLoadingError.swift */ = {isa = PBXFileReference; lastKnownFileType = sourcecode.swift; path = ImageLoadingError.swift; sourceTree = "<group>"; };
		84ACC7A32A6AB8130033E83A /* AddDB_Navigation.swift */ = {isa = PBXFileReference; lastKnownFileType = sourcecode.swift; name = AddDB_Navigation.swift; path = "Protecto Pass/Navigation/AddDB_Navigation.swift"; sourceTree = SOURCE_ROOT; };
		84DB4F8D2A739D6C00C2DD0E /* EntryDetails.swift */ = {isa = PBXFileReference; lastKnownFileType = sourcecode.swift; path = EntryDetails.swift; sourceTree = "<group>"; };
		84DB4F8F2A739D9100C2DD0E /* Me_Details.swift */ = {isa = PBXFileReference; lastKnownFileType = sourcecode.swift; path = Me_Details.swift; sourceTree = "<group>"; };
		84DB4F932A73C60E00C2DD0E /* EditEntry.swift */ = {isa = PBXFileReference; lastKnownFileType = sourcecode.swift; path = EditEntry.swift; sourceTree = "<group>"; };
		84DB4F952A73C61300C2DD0E /* EditFolder.swift */ = {isa = PBXFileReference; lastKnownFileType = sourcecode.swift; path = EditFolder.swift; sourceTree = "<group>"; };
		84DB4F992A766BEF00C2DD0E /* HomeSelector.swift */ = {isa = PBXFileReference; lastKnownFileType = sourcecode.swift; path = HomeSelector.swift; sourceTree = "<group>"; };
		84E4C5162A263FB8005D793F /* AddDB_Password.swift */ = {isa = PBXFileReference; lastKnownFileType = sourcecode.swift; path = AddDB_Password.swift; sourceTree = "<group>"; };
		84E4C5182A264D56005D793F /* Protecto Pass.entitlements */ = {isa = PBXFileReference; lastKnownFileType = text.plist.entitlements; path = "Protecto Pass.entitlements"; sourceTree = "<group>"; };
		84E4C51A2A276107005D793F /* AddDB_Overview.swift */ = {isa = PBXFileReference; lastKnownFileType = sourcecode.swift; path = AddDB_Overview.swift; sourceTree = "<group>"; };
		84EDFCFC2A94995B00A50A96 /* ME_ContentView.swift */ = {isa = PBXFileReference; lastKnownFileType = sourcecode.swift; path = ME_ContentView.swift; sourceTree = "<group>"; };
		84F4209A29EEA22A000D7600 /* UnlockDB.swift */ = {isa = PBXFileReference; lastKnownFileType = sourcecode.swift; path = UnlockDB.swift; sourceTree = "<group>"; };
		84F6ABF72AE7DA2A00D0B633 /* AppData.swift */ = {isa = PBXFileReference; lastKnownFileType = sourcecode.swift; path = AppData.swift; sourceTree = "<group>"; };
/* End PBXFileReference section */

/* Begin PBXFrameworksBuildPhase section */
		842EAC6429D832670014C8F8 /* Frameworks */ = {
			isa = PBXFrameworksBuildPhase;
			files = (
			);
		};
		842EAC7A29D832680014C8F8 /* Frameworks */ = {
			isa = PBXFrameworksBuildPhase;
			files = (
			);
		};
		842EAC8429D832680014C8F8 /* Frameworks */ = {
			isa = PBXFrameworksBuildPhase;
			files = (
			);
		};
/* End PBXFrameworksBuildPhase section */

/* Begin PBXGroup section */
		842EAC5E29D832670014C8F8 = {
			isa = PBXGroup;
			children = (
				842EAC6929D832670014C8F8 /* Protecto Pass */,
				84627ABE2AA9AA2B00415827 /* Protecto-Pass-Info.plist */,
				842EAC8029D832680014C8F8 /* Protecto PassTests */,
				842EAC8A29D832680014C8F8 /* Protecto PassUITests */,
				844EFAEA2D2D84B00027A90C /* Frameworks */,
				842EAC6829D832670014C8F8 /* Products */,
				848AC7C42EF5A5AB000542C2 /* Protecto Pass.icon */,
			);
			sourceTree = "<group>";
		};
		842EAC6829D832670014C8F8 /* Products */ = {
			isa = PBXGroup;
			children = (
				842EAC6729D832670014C8F8 /* Protecto Pass.app */,
				842EAC7D29D832680014C8F8 /* Protecto PassTests.xctest */,
				842EAC8729D832680014C8F8 /* Protecto PassUITests.xctest */,
			);
			name = Products;
			sourceTree = "<group>";
		};
		842EAC6929D832670014C8F8 /* Protecto Pass */ = {
			isa = PBXGroup;
			children = (
				843390652C99A7E800ED4349 /* Shared */,
				842EAC6A29D832670014C8F8 /* Protecto_PassApp.swift */,
				84C4749C29E446F400543BA0 /* Views */,
				846E689B2A703EB800BC049A /* Navigation */,
				84627ABF2AA9C9A200415827 /* Settings */,
				846302322AA99F7600C051E3 /* Settings.bundle */,
				842EAC7829D832680014C8F8 /* Info.plist */,
				84E4C5182A264D56005D793F /* Protecto Pass.entitlements */,
				842EAC6E29D832680014C8F8 /* Assets.xcassets */,
				842EAC7029D832680014C8F8 /* Preview Content */,
			);
			path = "Protecto Pass";
			sourceTree = "<group>";
		};
		842EAC7029D832680014C8F8 /* Preview Content */ = {
			isa = PBXGroup;
			children = (
				842EAC7129D832680014C8F8 /* Preview Assets.xcassets */,
			);
			path = "Preview Content";
			sourceTree = "<group>";
		};
		842EAC8029D832680014C8F8 /* Protecto PassTests */ = {
			isa = PBXGroup;
			children = (
				842EAC8129D832680014C8F8 /* Protecto_PassTests.swift */,
			);
			path = "Protecto PassTests";
			sourceTree = "<group>";
		};
		842EAC8A29D832680014C8F8 /* Protecto PassUITests */ = {
			isa = PBXGroup;
			children = (
				842EAC8B29D832680014C8F8 /* Protecto_PassUITests.swift */,
				842EAC8D29D832680014C8F8 /* Protecto_PassUITestsLaunchTests.swift */,
			);
			path = "Protecto PassUITests";
			sourceTree = "<group>";
		};
		8433903D2C99A7E800ED4349 /* Cryptography */ = {
			isa = PBXGroup;
			children = (
				843390392C99A7E800ED4349 /* Cryptography.swift */,
				8433903A2C99A7E800ED4349 /* Decrypter.swift */,
				8433903B2C99A7E800ED4349 /* Encrypter.swift */,
				8433903C2C99A7E800ED4349 /* PasswordGenerator.swift */,
			);
			path = Cryptography;
			sourceTree = "<group>";
		};
		8433903F2C99A7E800ED4349 /* FileHandlerError */ = {
			isa = PBXGroup;
			children = (
				8433903E2C99A7E800ED4349 /* FileImporterErrors.swift */,
			);
			path = FileHandlerError;
			sourceTree = "<group>";
		};
		843390412C99A7E800ED4349 /* PhotoPickerError */ = {
			isa = PBXGroup;
			children = (
				843390402C99A7E800ED4349 /* PhotoPickerErrors.swift */,
			);
			path = PhotoPickerError;
			sourceTree = "<group>";
		};
		843390422C99A7E800ED4349 /* Errors */ = {
			isa = PBXGroup;
			children = (
				8433903F2C99A7E800ED4349 /* FileHandlerError */,
				843390412C99A7E800ED4349 /* PhotoPickerError */,
			);
			path = Errors;
			sourceTree = "<group>";
		};
		843390482C99A7E800ED4349 /* Mapping */ = {
			isa = PBXGroup;
			children = (
				843390432C99A7E800ED4349 /* DatabaseContentCounter.swift */,
				843390442C99A7E800ED4349 /* DataConverter.swift */,
				843390452C99A7E800ED4349 /* DB_Converter.swift */,
				843390462C99A7E800ED4349 /* FileImportHandler.swift */,
				843390472C99A7E800ED4349 /* PhotoPickerHandler.swift */,
			);
			path = Mapping;
			sourceTree = "<group>";
		};
		843390542C99A7E800ED4349 /* Database */ = {
			isa = PBXGroup;
			children = (
				843390492C99A7E800ED4349 /* Database.swift */,
				8433904A2C99A7E800ED4349 /* DatabaseContent.swift */,
				8433904B2C99A7E800ED4349 /* DB_Document.swift */,
				8433904C2C99A7E800ED4349 /* DB_Header.swift */,
				8433904D2C99A7E800ED4349 /* DB_Image.swift */,
				8433904E2C99A7E800ED4349 /* DB_Video.swift */,
				8433904F2C99A7E800ED4349 /* Entry.swift */,
				843390502C99A7E800ED4349 /* Folder.swift */,
				843390512C99A7E800ED4349 /* LoadableResource.swift */,
				843390522C99A7E800ED4349 /* ME_DataStructure.swift */,
				843390532C99A7E800ED4349 /* NativeType.swift */,
			);
			path = Database;
			sourceTree = "<group>";
		};
		843390562C99A7E800ED4349 /* DB_Creation */ = {
			isa = PBXGroup;
			children = (
				843390552C99A7E800ED4349 /* DB_CreationWrapper.swift */,
			);
			path = DB_Creation;
			sourceTree = "<group>";
		};
		843390582C99A7E800ED4349 /* Models */ = {
			isa = PBXGroup;
			children = (
				843390542C99A7E800ED4349 /* Database */,
				843390562C99A7E800ED4349 /* DB_Creation */,
				843390572C99A7E800ED4349 /* Protecto_Pass.xcdatamodeld */,
			);
			path = Models;
			sourceTree = "<group>";
		};
		843390602C99A7E800ED4349 /* Storage */ = {
			isa = PBXGroup;
			children = (
				843390592C99A7E800ED4349 /* CoreDataManager.swift */,
				8433905B2C99A7E800ED4349 /* DatabaseFileManager.swift */,
				8433905C2C99A7E800ED4349 /* NonexistendPathError.swift */,
				8433905D2C99A7E800ED4349 /* Persistence.swift */,
				8433905E2C99A7E800ED4349 /* SandboxManager.swift */,
				8433905F2C99A7E800ED4349 /* Storage.swift */,
				8433905A2C99A7E800ED4349 /* DatabaseDoesNotExistError.swift */,
			);
			path = Storage;
			sourceTree = "<group>";
		};
		843390632C99A7E800ED4349 /* Components */ = {
			isa = PBXGroup;
			children = (
				843390612C99A7E800ED4349 /* ListTile.swift */,
				843390622C99A7E800ED4349 /* PasswordField.swift */,
			);
			path = Components;
			sourceTree = "<group>";
		};
		843390642C99A7E800ED4349 /* Views */ = {
			isa = PBXGroup;
			children = (
				843390632C99A7E800ED4349 /* Components */,
			);
			path = Views;
			sourceTree = "<group>";
		};
		843390652C99A7E800ED4349 /* Shared */ = {
			isa = PBXGroup;
			children = (
				8433903D2C99A7E800ED4349 /* Cryptography */,
				843390422C99A7E800ED4349 /* Errors */,
				843390482C99A7E800ED4349 /* Mapping */,
				843390582C99A7E800ED4349 /* Models */,
				843390602C99A7E800ED4349 /* Storage */,
				843390642C99A7E800ED4349 /* Views */,
			);
			name = Shared;
			path = "/Users/jules/Library/Mobile Documents/com~apple~CloudDocs/Second Brain/Arbeit/Business/Development/Xcode/Protecto-Pass/Shared";
			sourceTree = "<absolute>";
		};
		844EFAEA2D2D84B00027A90C /* Frameworks */ = {
			isa = PBXGroup;
			children = (
			);
			name = Frameworks;
			sourceTree = "<group>";
		};
		84627ABF2AA9C9A200415827 /* Settings */ = {
			isa = PBXGroup;
			children = (
				84627AC02AA9CA2000415827 /* Settings.swift */,
				84F6ABF72AE7DA2A00D0B633 /* AppData.swift */,
			);
			path = Settings;
			sourceTree = "<group>";
		};
		846E689B2A703EB800BC049A /* Navigation */ = {
			isa = PBXGroup;
			children = (
				84ACC7A32A6AB8130033E83A /* AddDB_Navigation.swift */,
			);
			path = Navigation;
			sourceTree = "<group>";
		};
		84889ED02C8DB83F0066F7CB /* Info */ = {
			isa = PBXGroup;
			children = (
				846BF8692C7DE53500678388 /* ImageInfo.swift */,
				84889ED12C8DB84E0066F7CB /* DocumentInfo.swift */,
			);
			path = Info;
			sourceTree = "<group>";
		};
		84922B372A21F0FE00CE7945 /* Welcome */ = {
			isa = PBXGroup;
			children = (
				842EAC6C29D832670014C8F8 /* Welcome.swift */,
				84922B382A21F11300CE7945 /* SetUpView.swift */,
			);
			path = Welcome;
			sourceTree = "<group>";
		};
		84B71A722C9DBC6800B16E2A /* ME_ContentView */ = {
			isa = PBXGroup;
			children = (
				84EDFCFC2A94995B00A50A96 /* ME_ContentView.swift */,
				840283332CA0756200EF5CA2 /* ME_ContentViewEntrySection.swift */,
				848EFE042CA3334D006EA4DD /* ME_ContentViewFolderSection.swift */,
				848EFE062CA336E9006EA4DD /* ME_ContentViewImageSection.swift */,
				848EFE082CA33A1F006EA4DD /* ME_ContentViewDocumentSection.swift */,
			);
			path = ME_ContentView;
			sourceTree = "<group>";
		};
		84C4749C29E446F400543BA0 /* Views */ = {
			isa = PBXGroup;
			children = (
				84889ED02C8DB83F0066F7CB /* Info */,
				84DB4F972A766B6E00C2DD0E /* Launch */,
				84DB4F912A73C5F700C2DD0E /* Add */,
				84DB4F8C2A739D5E00C2DD0E /* Details */,
			);
			path = Views;
			sourceTree = "<group>";
		};
		84DB4F8C2A739D5E00C2DD0E /* Details */ = {
			isa = PBXGroup;
			children = (
				84B71A722C9DBC6800B16E2A /* ME_ContentView */,
				84DB4F8D2A739D6C00C2DD0E /* EntryDetails.swift */,
				84DB4F8F2A739D9100C2DD0E /* Me_Details.swift */,
				848DE6832AA742CA00AE99EE /* ImageDetails.swift */,
				8467EBB72B5FDFEC003E6479 /* ImageListDetails.swift */,
				84889ECE2C8CDA2F0066F7CB /* DocumentDetails.swift */,
			);
			path = Details;
			sourceTree = "<group>";
		};
		84DB4F912A73C5F700C2DD0E /* Add */ = {
			isa = PBXGroup;
			children = (
				84DB4F922A73C60000C2DD0E /* AddData */,
				84E4C5152A263F7F005D793F /* AddDB */,
			);
			path = Add;
			sourceTree = "<group>";
		};
		84DB4F922A73C60000C2DD0E /* AddData */ = {
			isa = PBXGroup;
			children = (
				843312232AA59FC700ADA474 /* IconChooser.swift */,
				84DB4F932A73C60E00C2DD0E /* EditEntry.swift */,
				84DB4F952A73C61300C2DD0E /* EditFolder.swift */,
				8497DF7D2B5BF347003979F9 /* ImageLoadingError.swift */,
			);
			path = AddData;
			sourceTree = "<group>";
		};
		84DB4F972A766B6E00C2DD0E /* Launch */ = {
			isa = PBXGroup;
			children = (
				84DB4F992A766BEF00C2DD0E /* HomeSelector.swift */,
				84DB4F982A766B7900C2DD0E /* Home */,
				84922B372A21F0FE00CE7945 /* Welcome */,
			);
			path = Launch;
			sourceTree = "<group>";
		};
		84DB4F982A766B7900C2DD0E /* Home */ = {
			isa = PBXGroup;
			children = (
				84922B3A2A21F15600CE7945 /* Home.swift */,
				84F4209A29EEA22A000D7600 /* UnlockDB.swift */,
			);
			path = Home;
			sourceTree = "<group>";
		};
		84E4C5152A263F7F005D793F /* AddDB */ = {
			isa = PBXGroup;
			children = (
				848480B329EFF09D008EA77C /* AddDB.swift */,
				84E4C5162A263FB8005D793F /* AddDB_Password.swift */,
				84E4C51A2A276107005D793F /* AddDB_Overview.swift */,
				841E86E02AAB222800B03F37 /* AddDB_CompactMode.swift */,
			);
			path = AddDB;
			sourceTree = "<group>";
		};
/* End PBXGroup section */

/* Begin PBXNativeTarget section */
		842EAC6629D832670014C8F8 /* Protecto Pass */ = {
			isa = PBXNativeTarget;
			buildConfigurationList = 842EAC9129D832680014C8F8 /* Build configuration list for PBXNativeTarget "Protecto Pass" */;
			buildPhases = (
				842EAC6329D832670014C8F8 /* Sources */,
				842EAC6429D832670014C8F8 /* Frameworks */,
				842EAC6529D832670014C8F8 /* Resources */,
			);
			buildRules = (
			);
			name = "Protecto Pass";
			productName = "Protecto Pass";
			productReference = 842EAC6729D832670014C8F8 /* Protecto Pass.app */;
			productType = "com.apple.product-type.application";
		};
		842EAC7C29D832680014C8F8 /* Protecto PassTests */ = {
			isa = PBXNativeTarget;
			buildConfigurationList = 842EAC9429D832680014C8F8 /* Build configuration list for PBXNativeTarget "Protecto PassTests" */;
			buildPhases = (
				842EAC7929D832680014C8F8 /* Sources */,
				842EAC7A29D832680014C8F8 /* Frameworks */,
				842EAC7B29D832680014C8F8 /* Resources */,
			);
			buildRules = (
			);
			dependencies = (
				842EAC7F29D832680014C8F8 /* PBXTargetDependency */,
			);
			name = "Protecto PassTests";
			productName = "Protecto PassTests";
			productReference = 842EAC7D29D832680014C8F8 /* Protecto PassTests.xctest */;
			productType = "com.apple.product-type.bundle.unit-test";
		};
		842EAC8629D832680014C8F8 /* Protecto PassUITests */ = {
			isa = PBXNativeTarget;
			buildConfigurationList = 842EAC9729D832680014C8F8 /* Build configuration list for PBXNativeTarget "Protecto PassUITests" */;
			buildPhases = (
				842EAC8329D832680014C8F8 /* Sources */,
				842EAC8429D832680014C8F8 /* Frameworks */,
				842EAC8529D832680014C8F8 /* Resources */,
			);
			buildRules = (
			);
			dependencies = (
				842EAC8929D832680014C8F8 /* PBXTargetDependency */,
			);
			name = "Protecto PassUITests";
			productName = "Protecto PassUITests";
			productReference = 842EAC8729D832680014C8F8 /* Protecto PassUITests.xctest */;
			productType = "com.apple.product-type.bundle.ui-testing";
		};
/* End PBXNativeTarget section */

/* Begin PBXProject section */
		842EAC5F29D832670014C8F8 /* Project object */ = {
			isa = PBXProject;
			attributes = {
				BuildIndependentTargetsInParallel = 1;
				LastSwiftUpdateCheck = 1430;
				LastUpgradeCheck = 2610;
				TargetAttributes = {
					842EAC6629D832670014C8F8 = {
						CreatedOnToolsVersion = 14.3;
					};
					842EAC7C29D832680014C8F8 = {
						CreatedOnToolsVersion = 14.3;
						TestTargetID = 842EAC6629D832670014C8F8;
					};
					842EAC8629D832680014C8F8 = {
						CreatedOnToolsVersion = 14.3;
						TestTargetID = 842EAC6629D832670014C8F8;
					};
				};
			};
			buildConfigurationList = 842EAC6229D832670014C8F8 /* Build configuration list for PBXProject "Protecto Pass" */;
			developmentRegion = en;
			hasScannedForEncodings = 0;
			knownRegions = (
				en,
				Base,
				de,
				fr,
				es,
			);
			mainGroup = 842EAC5E29D832670014C8F8;
			preferredProjectObjectVersion = 90;
			productRefGroup = 842EAC6829D832670014C8F8 /* Products */;
			projectDirPath = "";
			projectRoot = "";
			targets = (
				842EAC6629D832670014C8F8 /* Protecto Pass */,
				842EAC7C29D832680014C8F8 /* Protecto PassTests */,
				842EAC8629D832680014C8F8 /* Protecto PassUITests */,
			);
		};
/* End PBXProject section */

/* Begin PBXResourcesBuildPhase section */
		842EAC6529D832670014C8F8 /* Resources */ = {
			isa = PBXResourcesBuildPhase;
			files = (
				848AC7C52EF5A5AB000542C2 /* Protecto Pass.icon in Resources */,
				842EAC7229D832680014C8F8 /* Preview Assets.xcassets in Resources */,
				846302332AA99F7600C051E3 /* Settings.bundle in Resources */,
				842EAC6F29D832680014C8F8 /* Assets.xcassets in Resources */,
			);
		};
		842EAC7B29D832680014C8F8 /* Resources */ = {
			isa = PBXResourcesBuildPhase;
			files = (
			);
		};
		842EAC8529D832680014C8F8 /* Resources */ = {
			isa = PBXResourcesBuildPhase;
			files = (
			);
		};
/* End PBXResourcesBuildPhase section */

/* Begin PBXSourcesBuildPhase section */
		842EAC6329D832670014C8F8 /* Sources */ = {
			isa = PBXSourcesBuildPhase;
			files = (
				84F6ABF82AE7DA2A00D0B633 /* AppData.swift in Sources */,
				848EFE092CA33A1F006EA4DD /* ME_ContentViewDocumentSection.swift in Sources */,
				84DB4F8E2A739D6C00C2DD0E /* EntryDetails.swift in Sources */,
				84627AC12AA9CA2000415827 /* Settings.swift in Sources */,
				846BF86A2C7DE53500678388 /* ImageInfo.swift in Sources */,
				848EFE052CA3334D006EA4DD /* ME_ContentViewFolderSection.swift in Sources */,
				843390672C99A7E800ED4349 /* CoreDataManager.swift in Sources */,
				843390682C99A7E800ED4349 /* Database.swift in Sources */,
				848EFE072CA336E9006EA4DD /* ME_ContentViewImageSection.swift in Sources */,
				843390692C99A7E800ED4349 /* DataConverter.swift in Sources */,
				8433906A2C99A7E800ED4349 /* DatabaseDoesNotExistError.swift in Sources */,
				8433906B2C99A7E800ED4349 /* Folder.swift in Sources */,
				8433906C2C99A7E800ED4349 /* Persistence.swift in Sources */,
				840283342CA0756200EF5CA2 /* ME_ContentViewEntrySection.swift in Sources */,
				8433906D2C99A7E800ED4349 /* DB_Converter.swift in Sources */,
				8433906E2C99A7E800ED4349 /* FileImportHandler.swift in Sources */,
				8433906F2C99A7E800ED4349 /* Encrypter.swift in Sources */,
				843390702C99A7E800ED4349 /* NativeType.swift in Sources */,
				843390712C99A7E800ED4349 /* LoadableResource.swift in Sources */,
				843390722C99A7E800ED4349 /* Cryptography.swift in Sources */,
				843390732C99A7E800ED4349 /* PasswordField.swift in Sources */,
				843390742C99A7E800ED4349 /* DatabaseContentCounter.swift in Sources */,
				843390752C99A7E800ED4349 /* PhotoPickerHandler.swift in Sources */,
				843390762C99A7E800ED4349 /* DB_CreationWrapper.swift in Sources */,
				843390772C99A7E800ED4349 /* DB_Video.swift in Sources */,
				843390782C99A7E800ED4349 /* DatabaseContent.swift in Sources */,
				843390792C99A7E800ED4349 /* FileImporterErrors.swift in Sources */,
				8433907A2C99A7E800ED4349 /* PasswordGenerator.swift in Sources */,
				8433907B2C99A7E800ED4349 /* DB_Document.swift in Sources */,
				8433907C2C99A7E800ED4349 /* DB_Image.swift in Sources */,
				8433907D2C99A7E800ED4349 /* ME_DataStructure.swift in Sources */,
				8433907E2C99A7E800ED4349 /* DatabaseFileManager.swift in Sources */,
				8433907F2C99A7E800ED4349 /* DB_Header.swift in Sources */,
				843390802C99A7E800ED4349 /* Decrypter.swift in Sources */,
				843390812C99A7E800ED4349 /* Entry.swift in Sources */,
				843390822C99A7E800ED4349 /* Protecto_Pass.xcdatamodeld in Sources */,
				843390832C99A7E800ED4349 /* Storage.swift in Sources */,
				843390842C99A7E800ED4349 /* PhotoPickerErrors.swift in Sources */,
				843390852C99A7E800ED4349 /* NonexistendPathError.swift in Sources */,
				843390862C99A7E800ED4349 /* ListTile.swift in Sources */,
				843390872C99A7E800ED4349 /* SandboxManager.swift in Sources */,
				84922B3B2A21F15600CE7945 /* Home.swift in Sources */,
				84889ED22C8DB84E0066F7CB /* DocumentInfo.swift in Sources */,
				8497DF7E2B5BF347003979F9 /* ImageLoadingError.swift in Sources */,
				84EDFCFD2A94995B00A50A96 /* ME_ContentView.swift in Sources */,
				848DE6842AA742CA00AE99EE /* ImageDetails.swift in Sources */,
				84DB4F942A73C60E00C2DD0E /* EditEntry.swift in Sources */,
				848480B429EFF09D008EA77C /* AddDB.swift in Sources */,
				84922B392A21F11300CE7945 /* SetUpView.swift in Sources */,
				84889ECF2C8CDA2F0066F7CB /* DocumentDetails.swift in Sources */,
				8467EBB82B5FDFEC003E6479 /* ImageListDetails.swift in Sources */,
				84ACC7A42A6AB8130033E83A /* AddDB_Navigation.swift in Sources */,
				84E4C51B2A276107005D793F /* AddDB_Overview.swift in Sources */,
				843312242AA59FC700ADA474 /* IconChooser.swift in Sources */,
				84DB4F9A2A766BEF00C2DD0E /* HomeSelector.swift in Sources */,
				842EAC6D29D832670014C8F8 /* Welcome.swift in Sources */,
				842EAC6B29D832670014C8F8 /* Protecto_PassApp.swift in Sources */,
				84DB4F962A73C61300C2DD0E /* EditFolder.swift in Sources */,
				84E4C5172A263FB8005D793F /* AddDB_Password.swift in Sources */,
				84F4209B29EEA22A000D7600 /* UnlockDB.swift in Sources */,
				84DB4F902A739D9100C2DD0E /* Me_Details.swift in Sources */,
				841E86E12AAB222800B03F37 /* AddDB_CompactMode.swift in Sources */,
			);
		};
		842EAC7929D832680014C8F8 /* Sources */ = {
			isa = PBXSourcesBuildPhase;
			files = (
				842EAC8229D832680014C8F8 /* Protecto_PassTests.swift in Sources */,
			);
		};
		842EAC8329D832680014C8F8 /* Sources */ = {
			isa = PBXSourcesBuildPhase;
			files = (
				842EAC8C29D832680014C8F8 /* Protecto_PassUITests.swift in Sources */,
				842EAC8E29D832680014C8F8 /* Protecto_PassUITestsLaunchTests.swift in Sources */,
			);
		};
/* End PBXSourcesBuildPhase section */

/* Begin PBXTargetDependency section */
		842EAC7F29D832680014C8F8 /* PBXTargetDependency */ = {
			isa = PBXTargetDependency;
			target = 842EAC6629D832670014C8F8 /* Protecto Pass */;
			targetProxy = 842EAC7E29D832680014C8F8 /* PBXContainerItemProxy */;
		};
		842EAC8929D832680014C8F8 /* PBXTargetDependency */ = {
			isa = PBXTargetDependency;
			target = 842EAC6629D832670014C8F8 /* Protecto Pass */;
			targetProxy = 842EAC8829D832680014C8F8 /* PBXContainerItemProxy */;
		};
/* End PBXTargetDependency section */

/* Begin XCBuildConfiguration section */
		842EAC8F29D832680014C8F8 /* Debug configuration for PBXProject "Protecto Pass" */ = {
			isa = XCBuildConfiguration;
			buildSettings = {
				ALWAYS_SEARCH_USER_PATHS = NO;
				ASSETCATALOG_COMPILER_GENERATE_SWIFT_ASSET_SYMBOL_EXTENSIONS = YES;
				CLANG_ANALYZER_LOCALIZABILITY_NONLOCALIZED = YES;
				CLANG_ANALYZER_NONNULL = YES;
				CLANG_ANALYZER_NUMBER_OBJECT_CONVERSION = YES_AGGRESSIVE;
				CLANG_CXX_LANGUAGE_STANDARD = "gnu++20";
				CLANG_ENABLE_MODULES = YES;
				CLANG_ENABLE_OBJC_ARC = YES;
				CLANG_ENABLE_OBJC_WEAK = YES;
				CLANG_WARN_BLOCK_CAPTURE_AUTORELEASING = YES;
				CLANG_WARN_BOOL_CONVERSION = YES;
				CLANG_WARN_COMMA = YES;
				CLANG_WARN_CONSTANT_CONVERSION = YES;
				CLANG_WARN_DEPRECATED_OBJC_IMPLEMENTATIONS = YES;
				CLANG_WARN_DIRECT_OBJC_ISA_USAGE = YES_ERROR;
				CLANG_WARN_DOCUMENTATION_COMMENTS = YES;
				CLANG_WARN_EMPTY_BODY = YES;
				CLANG_WARN_ENUM_CONVERSION = YES;
				CLANG_WARN_INFINITE_RECURSION = YES;
				CLANG_WARN_INT_CONVERSION = YES;
				CLANG_WARN_NON_LITERAL_NULL_CONVERSION = YES;
				CLANG_WARN_OBJC_IMPLICIT_RETAIN_SELF = YES;
				CLANG_WARN_OBJC_LITERAL_CONVERSION = YES;
				CLANG_WARN_OBJC_ROOT_CLASS = YES_ERROR;
				CLANG_WARN_QUOTED_INCLUDE_IN_FRAMEWORK_HEADER = YES;
				CLANG_WARN_RANGE_LOOP_ANALYSIS = YES;
				CLANG_WARN_STRICT_PROTOTYPES = YES;
				CLANG_WARN_SUSPICIOUS_MOVE = YES;
				CLANG_WARN_UNGUARDED_AVAILABILITY = YES_AGGRESSIVE;
				CLANG_WARN_UNREACHABLE_CODE = YES;
				CLANG_WARN__DUPLICATE_METHOD_MATCH = YES;
				COPY_PHASE_STRIP = NO;
				DEBUG_INFORMATION_FORMAT = dwarf;
				DEVELOPMENT_TEAM = Q87UDX5898;
				ENABLE_STRICT_OBJC_MSGSEND = YES;
				ENABLE_TESTABILITY = YES;
				ENABLE_USER_SCRIPT_SANDBOXING = YES;
				GCC_C_LANGUAGE_STANDARD = gnu11;
				GCC_DYNAMIC_NO_PIC = NO;
				GCC_NO_COMMON_BLOCKS = YES;
				GCC_OPTIMIZATION_LEVEL = s;
				GCC_PREPROCESSOR_DEFINITIONS = (
					"DEBUG=1",
					"$(inherited)",
				);
				GCC_WARN_64_TO_32_BIT_CONVERSION = YES;
				GCC_WARN_ABOUT_RETURN_TYPE = YES_ERROR;
				GCC_WARN_UNDECLARED_SELECTOR = YES;
				GCC_WARN_UNINITIALIZED_AUTOS = YES_AGGRESSIVE;
				GCC_WARN_UNUSED_FUNCTION = YES;
				GCC_WARN_UNUSED_VARIABLE = YES;
				IPHONEOS_DEPLOYMENT_TARGET = 17.4;
				MTL_ENABLE_DEBUG_INFO = INCLUDE_SOURCE;
				MTL_FAST_MATH = YES;
				ONLY_ACTIVE_ARCH = YES;
				SDKROOT = iphoneos;
				STRING_CATALOG_GENERATE_SYMBOLS = YES;
				SWIFT_ACTIVE_COMPILATION_CONDITIONS = DEBUG;
				SWIFT_OPTIMIZATION_LEVEL = "-Onone";
			};
			name = Debug;
		};
		842EAC9029D832680014C8F8 /* Release configuration for PBXProject "Protecto Pass" */ = {
			isa = XCBuildConfiguration;
			buildSettings = {
				ALWAYS_SEARCH_USER_PATHS = NO;
				ASSETCATALOG_COMPILER_GENERATE_SWIFT_ASSET_SYMBOL_EXTENSIONS = YES;
				CLANG_ANALYZER_LOCALIZABILITY_NONLOCALIZED = YES;
				CLANG_ANALYZER_NONNULL = YES;
				CLANG_ANALYZER_NUMBER_OBJECT_CONVERSION = YES_AGGRESSIVE;
				CLANG_CXX_LANGUAGE_STANDARD = "gnu++20";
				CLANG_ENABLE_MODULES = YES;
				CLANG_ENABLE_OBJC_ARC = YES;
				CLANG_ENABLE_OBJC_WEAK = YES;
				CLANG_WARN_BLOCK_CAPTURE_AUTORELEASING = YES;
				CLANG_WARN_BOOL_CONVERSION = YES;
				CLANG_WARN_COMMA = YES;
				CLANG_WARN_CONSTANT_CONVERSION = YES;
				CLANG_WARN_DEPRECATED_OBJC_IMPLEMENTATIONS = YES;
				CLANG_WARN_DIRECT_OBJC_ISA_USAGE = YES_ERROR;
				CLANG_WARN_DOCUMENTATION_COMMENTS = YES;
				CLANG_WARN_EMPTY_BODY = YES;
				CLANG_WARN_ENUM_CONVERSION = YES;
				CLANG_WARN_INFINITE_RECURSION = YES;
				CLANG_WARN_INT_CONVERSION = YES;
				CLANG_WARN_NON_LITERAL_NULL_CONVERSION = YES;
				CLANG_WARN_OBJC_IMPLICIT_RETAIN_SELF = YES;
				CLANG_WARN_OBJC_LITERAL_CONVERSION = YES;
				CLANG_WARN_OBJC_ROOT_CLASS = YES_ERROR;
				CLANG_WARN_QUOTED_INCLUDE_IN_FRAMEWORK_HEADER = YES;
				CLANG_WARN_RANGE_LOOP_ANALYSIS = YES;
				CLANG_WARN_STRICT_PROTOTYPES = YES;
				CLANG_WARN_SUSPICIOUS_MOVE = YES;
				CLANG_WARN_UNGUARDED_AVAILABILITY = YES_AGGRESSIVE;
				CLANG_WARN_UNREACHABLE_CODE = YES;
				CLANG_WARN__DUPLICATE_METHOD_MATCH = YES;
				COPY_PHASE_STRIP = NO;
				DEBUG_INFORMATION_FORMAT = "dwarf-with-dsym";
				DEVELOPMENT_TEAM = Q87UDX5898;
				ENABLE_NS_ASSERTIONS = NO;
				ENABLE_STRICT_OBJC_MSGSEND = YES;
				ENABLE_USER_SCRIPT_SANDBOXING = YES;
				GCC_C_LANGUAGE_STANDARD = gnu11;
				GCC_NO_COMMON_BLOCKS = YES;
				GCC_WARN_64_TO_32_BIT_CONVERSION = YES;
				GCC_WARN_ABOUT_RETURN_TYPE = YES_ERROR;
				GCC_WARN_UNDECLARED_SELECTOR = YES;
				GCC_WARN_UNINITIALIZED_AUTOS = YES_AGGRESSIVE;
				GCC_WARN_UNUSED_FUNCTION = YES;
				GCC_WARN_UNUSED_VARIABLE = YES;
				IPHONEOS_DEPLOYMENT_TARGET = 17.4;
				MTL_ENABLE_DEBUG_INFO = NO;
				MTL_FAST_MATH = YES;
				SDKROOT = iphoneos;
				STRING_CATALOG_GENERATE_SYMBOLS = YES;
				SWIFT_COMPILATION_MODE = wholemodule;
				SWIFT_OPTIMIZATION_LEVEL = "-O";
				VALIDATE_PRODUCT = YES;
			};
			name = Release;
		};
		842EAC9229D832680014C8F8 /* Debug configuration for PBXNativeTarget "Protecto Pass" */ = {
			isa = XCBuildConfiguration;
			buildSettings = {
				ASSETCATALOG_COMPILER_APPICON_NAME = "Protecto Pass";
				ASSETCATALOG_COMPILER_GLOBAL_ACCENT_COLOR_NAME = AccentColor;
				ASSETCATALOG_COMPILER_INCLUDE_ALL_APPICON_ASSETS = YES;
				CODE_SIGN_ENTITLEMENTS = "Protecto Pass/Protecto Pass.entitlements";
				CODE_SIGN_STYLE = Automatic;
				CURRENT_PROJECT_VERSION = 1;
				DEVELOPMENT_ASSET_PATHS = "\"Protecto Pass/Preview Content\"";
				ENABLE_ENHANCED_SECURITY = YES;
				ENABLE_POINTER_AUTHENTICATION = YES;
				ENABLE_PREVIEWS = YES;
				GENERATE_INFOPLIST_FILE = YES;
				INFOPLIST_FILE = "Protecto-Pass-Info.plist";
				INFOPLIST_KEY_CFBundleDisplayName = "Protecto Pass";
				INFOPLIST_KEY_LSApplicationCategoryType = "public.app-category.utilities";
				INFOPLIST_KEY_NSFaceIDUsageDescription = "Protecto Pass uses Face ID to unlock the App via your Face";
				INFOPLIST_KEY_UIApplicationSceneManifest_Generation = YES;
				INFOPLIST_KEY_UIApplicationSupportsIndirectInputEvents = YES;
				INFOPLIST_KEY_UILaunchScreen_Generation = YES;
				INFOPLIST_KEY_UISupportedInterfaceOrientations = "UIInterfaceOrientationPortrait UIInterfaceOrientationPortraitUpsideDown";
				INFOPLIST_KEY_UISupportedInterfaceOrientations_iPad = "UIInterfaceOrientationLandscapeLeft UIInterfaceOrientationLandscapeRight UIInterfaceOrientationPortrait UIInterfaceOrientationPortraitUpsideDown";
				IPHONEOS_DEPLOYMENT_TARGET = 26.0;
				LD_RUNPATH_SEARCH_PATHS = (
					"$(inherited)",
					"@executable_path/Frameworks",
				);
				MARKETING_VERSION = 1.0;
				PRODUCT_BUNDLE_IDENTIFIER = "dev.jules.Protecto-Pass";
				PRODUCT_NAME = "$(TARGET_NAME)";
				SWIFT_EMIT_LOC_STRINGS = YES;
				SWIFT_VERSION = 5.0;
				TARGETED_DEVICE_FAMILY = "1,2";
			};
			name = Debug;
		};
		842EAC9329D832680014C8F8 /* Release configuration for PBXNativeTarget "Protecto Pass" */ = {
			isa = XCBuildConfiguration;
			buildSettings = {
				ASSETCATALOG_COMPILER_APPICON_NAME = "Protecto Pass";
				ASSETCATALOG_COMPILER_GLOBAL_ACCENT_COLOR_NAME = AccentColor;
				ASSETCATALOG_COMPILER_INCLUDE_ALL_APPICON_ASSETS = YES;
				CODE_SIGN_ENTITLEMENTS = "Protecto Pass/Protecto Pass.entitlements";
				CODE_SIGN_STYLE = Automatic;
				CURRENT_PROJECT_VERSION = 1;
				DEVELOPMENT_ASSET_PATHS = "\"Protecto Pass/Preview Content\"";
				ENABLE_ENHANCED_SECURITY = YES;
				ENABLE_POINTER_AUTHENTICATION = YES;
				ENABLE_PREVIEWS = YES;
				GENERATE_INFOPLIST_FILE = YES;
				INFOPLIST_FILE = "Protecto-Pass-Info.plist";
				INFOPLIST_KEY_CFBundleDisplayName = "Protecto Pass";
				INFOPLIST_KEY_LSApplicationCategoryType = "public.app-category.utilities";
				INFOPLIST_KEY_NSFaceIDUsageDescription = "Protecto Pass uses Face ID to unlock the App via your Face";
				INFOPLIST_KEY_UIApplicationSceneManifest_Generation = YES;
				INFOPLIST_KEY_UIApplicationSupportsIndirectInputEvents = YES;
				INFOPLIST_KEY_UILaunchScreen_Generation = YES;
				INFOPLIST_KEY_UISupportedInterfaceOrientations = "UIInterfaceOrientationPortrait UIInterfaceOrientationPortraitUpsideDown";
				INFOPLIST_KEY_UISupportedInterfaceOrientations_iPad = "UIInterfaceOrientationLandscapeLeft UIInterfaceOrientationLandscapeRight UIInterfaceOrientationPortrait UIInterfaceOrientationPortraitUpsideDown";
				IPHONEOS_DEPLOYMENT_TARGET = 26.0;
				LD_RUNPATH_SEARCH_PATHS = (
					"$(inherited)",
					"@executable_path/Frameworks",
				);
				MARKETING_VERSION = 1.0;
				PRODUCT_BUNDLE_IDENTIFIER = "dev.jules.Protecto-Pass";
				PRODUCT_NAME = "$(TARGET_NAME)";
				SWIFT_EMIT_LOC_STRINGS = YES;
				SWIFT_VERSION = 5.0;
				TARGETED_DEVICE_FAMILY = "1,2";
			};
			name = Release;
		};
		842EAC9529D832680014C8F8 /* Debug configuration for PBXNativeTarget "Protecto PassTests" */ = {
			isa = XCBuildConfiguration;
			buildSettings = {
				BUNDLE_LOADER = "$(TEST_HOST)";
				CODE_SIGN_STYLE = Automatic;
				CURRENT_PROJECT_VERSION = 1;
				GENERATE_INFOPLIST_FILE = YES;
				IPHONEOS_DEPLOYMENT_TARGET = 17.5;
				MARKETING_VERSION = 1.0;
				PRODUCT_BUNDLE_IDENTIFIER = "dev.jules.Protecto-PassTests";
				PRODUCT_NAME = "$(TARGET_NAME)";
				SWIFT_EMIT_LOC_STRINGS = NO;
				SWIFT_VERSION = 5.0;
				TARGETED_DEVICE_FAMILY = "1,2";
				TEST_HOST = "$(BUILT_PRODUCTS_DIR)/Protecto Pass.app/$(BUNDLE_EXECUTABLE_FOLDER_PATH)/Protecto Pass";
			};
			name = Debug;
		};
		842EAC9629D832680014C8F8 /* Release configuration for PBXNativeTarget "Protecto PassTests" */ = {
			isa = XCBuildConfiguration;
			buildSettings = {
				BUNDLE_LOADER = "$(TEST_HOST)";
				CODE_SIGN_STYLE = Automatic;
				CURRENT_PROJECT_VERSION = 1;
				GENERATE_INFOPLIST_FILE = YES;
				IPHONEOS_DEPLOYMENT_TARGET = 17.5;
				MARKETING_VERSION = 1.0;
				PRODUCT_BUNDLE_IDENTIFIER = "dev.jules.Protecto-PassTests";
				PRODUCT_NAME = "$(TARGET_NAME)";
				SWIFT_EMIT_LOC_STRINGS = NO;
				SWIFT_VERSION = 5.0;
				TARGETED_DEVICE_FAMILY = "1,2";
				TEST_HOST = "$(BUILT_PRODUCTS_DIR)/Protecto Pass.app/$(BUNDLE_EXECUTABLE_FOLDER_PATH)/Protecto Pass";
			};
			name = Release;
		};
		842EAC9829D832680014C8F8 /* Debug configuration for PBXNativeTarget "Protecto PassUITests" */ = {
			isa = XCBuildConfiguration;
			buildSettings = {
				CODE_SIGN_STYLE = Automatic;
				CURRENT_PROJECT_VERSION = 1;
				GENERATE_INFOPLIST_FILE = YES;
				IPHONEOS_DEPLOYMENT_TARGET = 17.5;
				MARKETING_VERSION = 1.0;
				PRODUCT_BUNDLE_IDENTIFIER = "dev.jules.Protecto-PassUITests";
				PRODUCT_NAME = "$(TARGET_NAME)";
				SWIFT_EMIT_LOC_STRINGS = NO;
				SWIFT_VERSION = 5.0;
				TARGETED_DEVICE_FAMILY = "1,2";
				TEST_TARGET_NAME = "Protecto Pass";
			};
			name = Debug;
		};
		842EAC9929D832680014C8F8 /* Release configuration for PBXNativeTarget "Protecto PassUITests" */ = {
			isa = XCBuildConfiguration;
			buildSettings = {
				CODE_SIGN_STYLE = Automatic;
				CURRENT_PROJECT_VERSION = 1;
				GENERATE_INFOPLIST_FILE = YES;
				IPHONEOS_DEPLOYMENT_TARGET = 17.5;
				MARKETING_VERSION = 1.0;
				PRODUCT_BUNDLE_IDENTIFIER = "dev.jules.Protecto-PassUITests";
				PRODUCT_NAME = "$(TARGET_NAME)";
				SWIFT_EMIT_LOC_STRINGS = NO;
				SWIFT_VERSION = 5.0;
				TARGETED_DEVICE_FAMILY = "1,2";
				TEST_TARGET_NAME = "Protecto Pass";
			};
			name = Release;
		};
/* End XCBuildConfiguration section */

/* Begin XCConfigurationList section */
		842EAC6229D832670014C8F8 /* Build configuration list for PBXProject "Protecto Pass" */ = {
			isa = XCConfigurationList;
			buildConfigurations = (
				842EAC8F29D832680014C8F8 /* Debug configuration for PBXProject "Protecto Pass" */,
				842EAC9029D832680014C8F8 /* Release configuration for PBXProject "Protecto Pass" */,
			);
			defaultConfigurationName = Release;
		};
		842EAC9129D832680014C8F8 /* Build configuration list for PBXNativeTarget "Protecto Pass" */ = {
			isa = XCConfigurationList;
			buildConfigurations = (
				842EAC9229D832680014C8F8 /* Debug configuration for PBXNativeTarget "Protecto Pass" */,
				842EAC9329D832680014C8F8 /* Release configuration for PBXNativeTarget "Protecto Pass" */,
			);
			defaultConfigurationName = Release;
		};
		842EAC9429D832680014C8F8 /* Build configuration list for PBXNativeTarget "Protecto PassTests" */ = {
			isa = XCConfigurationList;
			buildConfigurations = (
				842EAC9529D832680014C8F8 /* Debug configuration for PBXNativeTarget "Protecto PassTests" */,
				842EAC9629D832680014C8F8 /* Release configuration for PBXNativeTarget "Protecto PassTests" */,
			);
			defaultConfigurationName = Release;
		};
		842EAC9729D832680014C8F8 /* Build configuration list for PBXNativeTarget "Protecto PassUITests" */ = {
			isa = XCConfigurationList;
			buildConfigurations = (
				842EAC9829D832680014C8F8 /* Debug configuration for PBXNativeTarget "Protecto PassUITests" */,
				842EAC9929D832680014C8F8 /* Release configuration for PBXNativeTarget "Protecto PassUITests" */,
			);
			defaultConfigurationName = Release;
		};
/* End XCConfigurationList section */

/* Begin XCVersionGroup section */
		843390572C99A7E800ED4349 /* Protecto_Pass.xcdatamodeld */ = {
			isa = XCVersionGroup;
			children = (
				843390662C99A7E800ED4349 /* Protecto_Pass.xcdatamodel */,
			);
			currentVersion = 843390662C99A7E800ED4349 /* Protecto_Pass.xcdatamodel */;
			path = Protecto_Pass.xcdatamodeld;
			sourceTree = "<group>";
			versionGroupType = wrapper.xcdatamodel;
		};
/* End XCVersionGroup section */
	};
	rootObject = 842EAC5F29D832670014C8F8 /* Project object */;
}
